# Generated by pub
# See https://dart.dev/tools/pub/glossary#lockfile
packages:
  animations:
    dependency: "direct main"
    description:
      name: animations
      url: "https://pub.dartlang.org"
    source: hosted
    version: "2.0.1"
  args:
    dependency: transitive
    description:
      name: args
      url: "https://pub.dartlang.org"
    source: hosted
    version: "2.2.0"
  async:
    dependency: transitive
    description:
      name: async
      url: "https://pub.dartlang.org"
    source: hosted
    version: "2.8.2"
  boolean_selector:
    dependency: transitive
    description:
      name: boolean_selector
      url: "https://pub.dartlang.org"
    source: hosted
    version: "2.1.0"
  cached_network_image:
    dependency: "direct main"
    description:
      name: cached_network_image
      url: "https://pub.dartlang.org"
    source: hosted
    version: "3.1.0"
  cached_network_image_platform_interface:
    dependency: transitive
    description:
      name: cached_network_image_platform_interface
      url: "https://pub.dartlang.org"
    source: hosted
    version: "1.0.0"
  cached_network_image_web:
    dependency: transitive
    description:
      name: cached_network_image_web
      url: "https://pub.dartlang.org"
    source: hosted
    version: "1.0.1"
  calculator:
    dependency: "direct main"
    description:
      path: "."
      ref: HEAD
      resolved-ref: "41829b3aebdeb1b9f2c5cad97f6d85febe786bb9"
      url: "https://github.com/dahliaOS/calculator.git"
    source: git
    version: "1.1.0+10"
  characters:
    dependency: transitive
    description:
      name: characters
      url: "https://pub.dartlang.org"
    source: hosted
    version: "1.2.0"
  charcode:
    dependency: transitive
    description:
      name: charcode
      url: "https://pub.dartlang.org"
    source: hosted
    version: "1.3.1"
  clock:
    dependency: transitive
    description:
      name: clock
      url: "https://pub.dartlang.org"
    source: hosted
    version: "1.1.0"
  collection:
    dependency: transitive
    description:
      name: collection
      url: "https://pub.dartlang.org"
    source: hosted
    version: "1.15.0"
  convert:
    dependency: transitive
    description:
      name: convert
      url: "https://pub.dartlang.org"
    source: hosted
    version: "3.0.1"
  crypto:
    dependency: transitive
    description:
      name: crypto
      url: "https://pub.dartlang.org"
    source: hosted
    version: "3.0.1"
  cupertino_icons:
    dependency: transitive
    description:
      name: cupertino_icons
      url: "https://pub.dartlang.org"
    source: hosted
    version: "1.0.3"
  dahlia_backend:
    dependency: "direct main"
    description:
      path: backend
      relative: true
    source: path
    version: "0.0.1+1"
  dahlia_clock:
    dependency: "direct main"
    description:
      path: "."
      ref: HEAD
      resolved-ref: "1bf24fc5e5cc8e5b69d1e1b8ed97a0dfad3c82a0"
      url: "https://github.com/dahliaOS/clock.git"
    source: git
    version: "0.0.1+1"
  easy_localization:
    dependency: "direct main"
    description:
      name: easy_localization
      url: "https://pub.dartlang.org"
    source: hosted
    version: "3.0.0"
  easy_logger:
    dependency: transitive
    description:
      name: easy_logger
      url: "https://pub.dartlang.org"
    source: hosted
    version: "0.0.2"
  equatable:
    dependency: transitive
    description:
      name: equatable
      url: "https://pub.dartlang.org"
    source: hosted
    version: "2.0.3"
  expressions:
    dependency: transitive
    description:
      name: expressions
      url: "https://pub.dartlang.org"
    source: hosted
    version: "0.2.3"
  fake_async:
    dependency: transitive
    description:
      name: fake_async
      url: "https://pub.dartlang.org"
    source: hosted
    version: "1.2.0"
  ffi:
    dependency: transitive
    description:
      name: ffi
      url: "https://pub.dartlang.org"
    source: hosted
    version: "1.1.2"
  file:
    dependency: transitive
    description:
      name: file
      url: "https://pub.dartlang.org"
    source: hosted
    version: "6.1.2"
  files:
    dependency: "direct main"
    description:
      path: "."
      ref: HEAD
      resolved-ref: d48ef41fb96fa79e8fe813aa8b63fcf608b71cd3
      url: "https://github.com/dahliaOS/files.git"
    source: git
    version: "1.0.0+1"
  filesize:
    dependency: transitive
    description:
      name: filesize
      url: "https://pub.dartlang.org"
    source: hosted
    version: "2.0.1"
  flutter:
    dependency: "direct main"
    description: flutter
    source: sdk
    version: "0.0.0"
  flutter_blurhash:
    dependency: transitive
    description:
      name: flutter_blurhash
      url: "https://pub.dartlang.org"
    source: hosted
    version: "0.6.0"
  flutter_cache_manager:
    dependency: transitive
    description:
      name: flutter_cache_manager
      url: "https://pub.dartlang.org"
    source: hosted
    version: "3.1.2"
  flutter_localizations:
    dependency: transitive
    description: flutter
    source: sdk
    version: "0.0.0"
  flutter_test:
    dependency: "direct dev"
    description: flutter
    source: sdk
    version: "0.0.0"
  flutter_web_plugins:
    dependency: transitive
    description: flutter
    source: sdk
    version: "0.0.0"
  graft:
    dependency: "direct main"
    description:
      path: "."
      ref: HEAD
      resolved-ref: "0cf5139db407a4e569d34b276970d34c4ccec692"
      url: "https://github.com/dahliaOS/graft.git"
    source: git
    version: "1.0.0+1"
  hive:
    dependency: transitive
    description:
      name: hive
      url: "https://pub.dartlang.org"
    source: hosted
    version: "2.0.4"
  hive_flutter:
    dependency: transitive
    description:
      name: hive_flutter
      url: "https://pub.dartlang.org"
    source: hosted
    version: "1.1.0"
  http:
    dependency: "direct main"
    description:
      name: http
      url: "https://pub.dartlang.org"
    source: hosted
    version: "0.13.3"
  http_parser:
    dependency: transitive
    description:
      name: http_parser
      url: "https://pub.dartlang.org"
    source: hosted
    version: "4.0.0"
  intl:
    dependency: "direct main"
    description:
      name: intl
      url: "https://pub.dartlang.org"
    source: hosted
    version: "0.17.0"
  isar:
    dependency: transitive
    description:
      name: isar
      url: "https://pub.dartlang.org"
    source: hosted
    version: "0.4.0"
  isar_flutter_libs:
    dependency: transitive
    description:
      name: isar_flutter_libs
      url: "https://pub.dartlang.org"
    source: hosted
    version: "0.4.0"
  js:
    dependency: transitive
    description:
      name: js
      url: "https://pub.dartlang.org"
    source: hosted
    version: "0.6.3"
  matcher:
    dependency: transitive
    description:
      name: matcher
      url: "https://pub.dartlang.org"
    source: hosted
    version: "0.12.11"
  material_design_icons_flutter:
    dependency: transitive
    description:
      name: material_design_icons_flutter
      url: "https://pub.dartlang.org"
    source: hosted
    version: "5.0.5955-rc.1"
  media:
    dependency: "direct main"
    description:
      path: "."
      ref: HEAD
      resolved-ref: "17aa508559514f5d4774871839b756cc3bd94339"
      url: "https://github.com/dahliaOS/media.git"
    source: git
    version: "1.0.0+1"
  meta:
    dependency: transitive
    description:
      name: meta
      url: "https://pub.dartlang.org"
    source: hosted
    version: "1.7.0"
  mime:
    dependency: transitive
    description:
      name: mime
      url: "https://pub.dartlang.org"
    source: hosted
    version: "1.0.0"
  nested:
    dependency: transitive
    description:
      name: nested
      url: "https://pub.dartlang.org"
    source: hosted
    version: "1.0.0"
  octo_image:
    dependency: transitive
    description:
      name: octo_image
      url: "https://pub.dartlang.org"
    source: hosted
    version: "1.0.0+1"
  path:
    dependency: transitive
    description:
      name: path
      url: "https://pub.dartlang.org"
    source: hosted
    version: "1.8.0"
  path_provider:
    dependency: transitive
    description:
      name: path_provider
      url: "https://pub.dartlang.org"
    source: hosted
    version: "2.0.3"
  path_provider_linux:
    dependency: transitive
    description:
      name: path_provider_linux
      url: "https://pub.dartlang.org"
    source: hosted
    version: "2.0.2"
  path_provider_macos:
    dependency: transitive
    description:
      name: path_provider_macos
      url: "https://pub.dartlang.org"
    source: hosted
    version: "2.0.2"
  path_provider_platform_interface:
    dependency: transitive
    description:
      name: path_provider_platform_interface
      url: "https://pub.dartlang.org"
    source: hosted
    version: "2.0.1"
  path_provider_windows:
    dependency: transitive
    description:
      name: path_provider_windows
      url: "https://pub.dartlang.org"
    source: hosted
    version: "2.0.3"
  pedantic:
    dependency: transitive
    description:
      name: pedantic
      url: "https://pub.dartlang.org"
    source: hosted
    version: "1.11.1"
  petitparser:
    dependency: transitive
    description:
      name: petitparser
      url: "https://pub.dartlang.org"
    source: hosted
    version: "4.2.0"
  platform:
    dependency: transitive
    description:
      name: platform
      url: "https://pub.dartlang.org"
    source: hosted
    version: "3.0.2"
  platform_info:
    dependency: transitive
    description:
      name: platform_info
      url: "https://pub.dartlang.org"
    source: hosted
    version: "3.1.0"
  plugin_platform_interface:
    dependency: transitive
    description:
      name: plugin_platform_interface
      url: "https://pub.dartlang.org"
    source: hosted
    version: "2.0.1"
  process:
    dependency: transitive
    description:
      name: process
      url: "https://pub.dartlang.org"
    source: hosted
    version: "4.2.3"
  provider:
    dependency: "direct main"
    description:
      name: provider
      url: "https://pub.dartlang.org"
    source: hosted
    version: "6.0.0"
  pty:
    dependency: transitive
    description:
      name: pty
      url: "https://pub.dartlang.org"
    source: hosted
    version: "0.1.1"
  quiver:
    dependency: transitive
    description:
      name: quiver
      url: "https://pub.dartlang.org"
    source: hosted
    version: "3.0.1"
  recase:
    dependency: "direct main"
    description:
      name: recase
      url: "https://pub.dartlang.org"
    source: hosted
    version: "4.0.0"
  rxdart:
    dependency: transitive
    description:
      name: rxdart
      url: "https://pub.dartlang.org"
    source: hosted
    version: "0.27.2"
  shared_preferences:
    dependency: transitive
    description:
      name: shared_preferences
      url: "https://pub.dartlang.org"
    source: hosted
    version: "2.0.7"
  shared_preferences_linux:
    dependency: transitive
    description:
      name: shared_preferences_linux
      url: "https://pub.dartlang.org"
    source: hosted
    version: "2.0.2"
  shared_preferences_macos:
    dependency: transitive
    description:
      name: shared_preferences_macos
      url: "https://pub.dartlang.org"
    source: hosted
    version: "2.0.2"
  shared_preferences_platform_interface:
    dependency: transitive
    description:
      name: shared_preferences_platform_interface
      url: "https://pub.dartlang.org"
    source: hosted
    version: "2.0.0"
  shared_preferences_web:
    dependency: transitive
    description:
      name: shared_preferences_web
      url: "https://pub.dartlang.org"
    source: hosted
    version: "2.0.2"
  shared_preferences_windows:
    dependency: transitive
    description:
      name: shared_preferences_windows
      url: "https://pub.dartlang.org"
    source: hosted
    version: "2.0.2"
  sky_engine:
    dependency: transitive
    description: flutter
    source: sdk
    version: "0.0.99"
  source_span:
    dependency: transitive
    description:
      name: source_span
      url: "https://pub.dartlang.org"
    source: hosted
    version: "1.8.1"
  sqflite:
    dependency: transitive
    description:
      name: sqflite
      url: "https://pub.dartlang.org"
    source: hosted
    version: "2.0.0+4"
  sqflite_common:
    dependency: transitive
    description:
      name: sqflite_common
      url: "https://pub.dartlang.org"
    source: hosted
    version: "2.0.1"
  stack_trace:
    dependency: transitive
    description:
      name: stack_trace
      url: "https://pub.dartlang.org"
    source: hosted
    version: "1.10.0"
  stream_channel:
    dependency: transitive
    description:
      name: stream_channel
      url: "https://pub.dartlang.org"
    source: hosted
    version: "2.1.0"
  string_scanner:
    dependency: transitive
    description:
      name: string_scanner
      url: "https://pub.dartlang.org"
    source: hosted
    version: "1.1.0"
  synchronized:
    dependency: transitive
    description:
      name: synchronized
      url: "https://pub.dartlang.org"
    source: hosted
    version: "3.0.0"
  system_logs:
    dependency: "direct main"
    description:
      path: "."
      ref: HEAD
      resolved-ref: "59f07f4d133624837b48d2a1fffa6d29abab08cc"
      url: "https://github.com/dahliaOS/system_logs.git"
    source: git
    version: "1.0.0+1"
  task_manager:
    dependency: "direct main"
    description:
      path: "."
      ref: HEAD
      resolved-ref: b153f509223e17b30e103d482ae38c79704d8ee5
      url: "https://github.com/dahliaOS/task_manager.git"
    source: git
    version: "1.0.0+1"
  term_glyph:
    dependency: transitive
    description:
      name: term_glyph
      url: "https://pub.dartlang.org"
    source: hosted
    version: "1.2.0"
  terminal:
    dependency: "direct main"
    description:
      path: "."
      ref: v2
      resolved-ref: "6d5e53d1030ea53e018cd3b289a165a888e63038"
      url: "https://github.com/dahliaOS/terminal.git"
    source: git
    version: "2.0.0+2"
  test_api:
    dependency: transitive
    description:
      name: test_api
      url: "https://pub.dartlang.org"
    source: hosted
    version: "0.4.3"
  text_editor:
    dependency: "direct main"
    description:
      path: "."
      ref: HEAD
      resolved-ref: "512131334c852516918c9cee3df517a95b22e72d"
      url: "https://github.com/dahliaOS/text_editor.git"
    source: git
    version: "1.0.0+1"
  typed_data:
    dependency: transitive
    description:
      name: typed_data
      url: "https://pub.dartlang.org"
    source: hosted
    version: "1.3.0"
  url_launcher:
    dependency: transitive
    description:
      name: url_launcher
      url: "https://pub.dartlang.org"
    source: hosted
    version: "6.0.10"
  url_launcher_linux:
    dependency: transitive
    description:
      name: url_launcher_linux
      url: "https://pub.dartlang.org"
    source: hosted
    version: "2.0.2"
  url_launcher_macos:
    dependency: transitive
    description:
      name: url_launcher_macos
      url: "https://pub.dartlang.org"
    source: hosted
    version: "2.0.2"
  url_launcher_platform_interface:
    dependency: transitive
    description:
      name: url_launcher_platform_interface
      url: "https://pub.dartlang.org"
    source: hosted
    version: "2.0.4"
  url_launcher_web:
    dependency: transitive
    description:
      name: url_launcher_web
      url: "https://pub.dartlang.org"
    source: hosted
    version: "2.0.4"
  url_launcher_windows:
    dependency: transitive
    description:
      name: url_launcher_windows
      url: "https://pub.dartlang.org"
    source: hosted
    version: "2.0.2"
  utopia_wm:
    dependency: "direct main"
    description:
      path: "."
      ref: utopia
      resolved-ref: a594a9894c152a4f2444d8fcb88a0ce15e918ce8
      url: "https://github.com/dahliaOS/utopia.git"
    source: git
    version: "2.0.0+2"
  uuid:
    dependency: transitive
    description:
      name: uuid
      url: "https://pub.dartlang.org"
    source: hosted
    version: "3.0.4"
  vector_math:
    dependency: transitive
    description:
      name: vector_math
      url: "https://pub.dartlang.org"
    source: hosted
    version: "2.1.0"
  web_browser:
    dependency: "direct main"
    description:
      path: "."
      ref: HEAD
      resolved-ref: "13df4134b712e65f1e6fa89aaa5ff76618039848"
      url: "https://github.com/dahliaOS/web_browser.git"
    source: git
    version: "1.0.0+1"
  welcome:
    dependency: "direct main"
    description:
      path: "."
      ref: HEAD
      resolved-ref: d1c44e53091b39b9a9a8a0544ec15e84d3f8bdb5
      url: "https://github.com/dahliaOS/welcome.git"
    source: git
    version: "1.0.0+1"
  win32:
    dependency: transitive
    description:
      name: win32
      url: "https://pub.dartlang.org"
    source: hosted
    version: "2.2.8"
  window_size:
    dependency: transitive
    description:
      path: "plugins/window_size"
      ref: e48abe7c3e9ebfe0b81622167c5201d4e783bb81
      resolved-ref: e48abe7c3e9ebfe0b81622167c5201d4e783bb81
      url: "git://github.com/google/flutter-desktop-embedding.git"
    source: git
    version: "0.1.0"
  windows_path_provider:
    dependency: transitive
    description:
      path: "."
      ref: HEAD
      resolved-ref: d8312e8db863adaf498c81a3d75d5ab1be57533e
      url: "https://github.com/HrX03/windows_path_provider.git"
    source: git
    version: "0.0.1"
  xdg_directories:
    dependency: transitive
    description:
      name: xdg_directories
      url: "https://pub.dartlang.org"
    source: hosted
    version: "0.2.0"
  xml:
    dependency: "direct main"
    description:
      name: xml
      url: "https://pub.dartlang.org"
    source: hosted
    version: "5.2.0"
  xterm:
    dependency: transitive
    description:
      name: xterm
      url: "https://pub.dartlang.org"
    source: hosted
    version: "2.5.0-pre"
sdks:
  dart: ">=2.13.0 <3.0.0"
  flutter: ">=2.0.0"
